
Microsoft Visual Studio Solution File, Format Version 12.00
# Visual Studio Version 17
VisualStudioVersion = 17.8.34330.188
MinimumVisualStudioVersion = 10.0.40219.1
Project("{FAE04EC0-301F-11D3-BF4B-00C04F79EFBC}") = "Server", "Server.csproj", "{F37056F3-1DCC-4F5D-84A5-3371CFA0E478}"
EndProject
Global
	GlobalSection(SolutionConfigurationPlatforms) = preSolution
		Debug|Any CPU = Debug|Any CPU
		Release|Any CPU = Release|Any CPU
	EndGlobalSection
	GlobalSection(ProjectConfigurationPlatforms) = postSolution
		{F37056F3-1DCC-4F5D-84A5-3371CFA0E478}.Debug|Any CPU.ActiveCfg = Debug|Any CPU
		{F37056F3-1DCC-4F5D-84A5-3371CFA0E478}.Debug|Any CPU.Build.0 = Debug|Any CPU
		{F37056F3-1DCC-4F5D-84A5-3371CFA0E478}.Release|Any CPU.ActiveCfg = Release|Any CPU
		{F37056F3-1DCC-4F5D-84A5-3371CFA0E478}.Release|Any CPU.Build.0 = Release|Any CPU
	EndGlobalSection
	GlobalSection(SolutionProperties) = preSolution
		HideSolutionNode = FALSE
	EndGlobalSection
	GlobalSection(ExtensibilityGlobals) = postSolution
		SolutionGuid = {14CEC4FE-7597-4843-963C-A40C23CD317B}
	EndGlobalSection
EndGlobal
